
Microsoft Visual Studio Solution File, Format Version 12.00
# Visual Studio Version 17
VisualStudioVersion = 17.7.34031.279
MinimumVisualStudioVersion = 10.0.40219.1
Project("{2150E333-8FDC-42A3-9474-1A3956D46DE8}") = "tests", "tests", "{1BA9DB0A-8961-4AA1-BB81-F8C2820FCB52}"
EndProject
Project("{2150E333-8FDC-42A3-9474-1A3956D46DE8}") = "src", "src", "{DD16BAD6-01BF-4AFD-9B41-3A90CAD6A376}"
EndProject
Project("{9A19103F-16F7-4668-BE54-9A1E7A4F7556}") = "Krosoft.Extensions.Cache.Distributed.Redis.HealthChecks", "src\Krosoft.Extensions.Cache.Distributed.Redis.HealthChecks\Krosoft.Extensions.Cache.Distributed.Redis.HealthChecks.csproj", "{9257991D-83BB-4E41-AFE9-9C49D989F081}"
EndProject
Project("{9A19103F-16F7-4668-BE54-9A1E7A4F7556}") = "Krosoft.Extensions.Cache.Distributed.Redis", "src\Krosoft.Extensions.Cache.Distributed.Redis\Krosoft.Extensions.Cache.Distributed.Redis.csproj", "{D2F1B39E-2210-43CE-8F1B-05D09F1516FA}"
EndProject
Project("{9A19103F-16F7-4668-BE54-9A1E7A4F7556}") = "Krosoft.Extensions.Cache.Memory", "src\Krosoft.Extensions.Cache.Memory\Krosoft.Extensions.Cache.Memory.csproj", "{01499275-B495-40D3-B9BC-E0001BF28E16}"
EndProject
Project("{9A19103F-16F7-4668-BE54-9A1E7A4F7556}") = "Krosoft.Extensions.Cache.Distributed.Redis.Tests", "tests\Krosoft.Extensions.Cache.Distributed.Redis.Tests\Krosoft.Extensions.Cache.Distributed.Redis.Tests.csproj", "{3FEE290D-E99A-4C68-A0BF-04086851569E}"
EndProject
Global
	GlobalSection(SolutionConfigurationPlatforms) = preSolution
		Debug|Any CPU = Debug|Any CPU
		Release|Any CPU = Release|Any CPU
	EndGlobalSection
	GlobalSection(ProjectConfigurationPlatforms) = postSolution
		{9257991D-83BB-4E41-AFE9-9C49D989F081}.Debug|Any CPU.ActiveCfg = Debug|Any CPU
		{9257991D-83BB-4E41-AFE9-9C49D989F081}.Debug|Any CPU.Build.0 = Debug|Any CPU
		{9257991D-83BB-4E41-AFE9-9C49D989F081}.Release|Any CPU.ActiveCfg = Release|Any CPU
		{9257991D-83BB-4E41-AFE9-9C49D989F081}.Release|Any CPU.Build.0 = Release|Any CPU
		{D2F1B39E-2210-43CE-8F1B-05D09F1516FA}.Debug|Any CPU.ActiveCfg = Debug|Any CPU
		{D2F1B39E-2210-43CE-8F1B-05D09F1516FA}.Debug|Any CPU.Build.0 = Debug|Any CPU
		{D2F1B39E-2210-43CE-8F1B-05D09F1516FA}.Release|Any CPU.ActiveCfg = Release|Any CPU
		{D2F1B39E-2210-43CE-8F1B-05D09F1516FA}.Release|Any CPU.Build.0 = Release|Any CPU
		{01499275-B495-40D3-B9BC-E0001BF28E16}.Debug|Any CPU.ActiveCfg = Debug|Any CPU
		{01499275-B495-40D3-B9BC-E0001BF28E16}.Debug|Any CPU.Build.0 = Debug|Any CPU
		{01499275-B495-40D3-B9BC-E0001BF28E16}.Release|Any CPU.ActiveCfg = Release|Any CPU
		{01499275-B495-40D3-B9BC-E0001BF28E16}.Release|Any CPU.Build.0 = Release|Any CPU
		{3FEE290D-E99A-4C68-A0BF-04086851569E}.Debug|Any CPU.ActiveCfg = Debug|Any CPU
		{3FEE290D-E99A-4C68-A0BF-04086851569E}.Debug|Any CPU.Build.0 = Debug|Any CPU
		{3FEE290D-E99A-4C68-A0BF-04086851569E}.Release|Any CPU.ActiveCfg = Release|Any CPU
		{3FEE290D-E99A-4C68-A0BF-04086851569E}.Release|Any CPU.Build.0 = Release|Any CPU
	EndGlobalSection
	GlobalSection(SolutionProperties) = preSolution
		HideSolutionNode = FALSE
	EndGlobalSection
	GlobalSection(NestedProjects) = preSolution
		{9257991D-83BB-4E41-AFE9-9C49D989F081} = {DD16BAD6-01BF-4AFD-9B41-3A90CAD6A376}
		{D2F1B39E-2210-43CE-8F1B-05D09F1516FA} = {DD16BAD6-01BF-4AFD-9B41-3A90CAD6A376}
		{01499275-B495-40D3-B9BC-E0001BF28E16} = {DD16BAD6-01BF-4AFD-9B41-3A90CAD6A376}
		{3FEE290D-E99A-4C68-A0BF-04086851569E} = {1BA9DB0A-8961-4AA1-BB81-F8C2820FCB52}
	EndGlobalSection
	GlobalSection(ExtensibilityGlobals) = postSolution
		SolutionGuid = {3ABC8EAA-58CC-445C-B724-7CB7158E0F62}
	EndGlobalSection
EndGlobal
